
Microsoft Visual Studio Solution File, Format Version 12.00
Project("{FAE04EC0-301F-11D3-BF4B-00C04F79EFBC}") = "Unscientificlab.ECS", "Unscientificlab.ECS\Unscientificlab.ECS.csproj", "{E1CD49D0-5286-4706-A92C-C915C64ECD46}"
EndProject
Project("{FAE04EC0-301F-11D3-BF4B-00C04F79EFBC}") = "Unscientificlab.ECS.Tests", "Unscientificlab.ECS.Tests\Unscientificlab.ECS.Tests.csproj", "{1ACDE521-D1AF-4AF6-9EAA-C6AC4E1EBF3E}"
EndProject
Project("{FAE04EC0-301F-11D3-BF4B-00C04F79EFBC}") = "Unscientificlab.Util", "Unscientificlab.Util\Unscientificlab.Util.csproj", "{A3FE74BD-FE34-4044-BA6E-17DF27DDE780}"
EndProject
Project("{FAE04EC0-301F-11D3-BF4B-00C04F79EFBC}") = "Unscientificlab.ECS.Benchmark", "Unscientificlab.ECS.Benchmark\Unscientificlab.ECS.Benchmark.csproj", "{65F332DF-36E8-426F-AE00-E8B22EED997A}"
EndProject
Project("{FAE04EC0-301F-11D3-BF4B-00C04F79EFBC}") = "Unscientificlab.BehaviourTree", "Unscientificlab.BehaviourTree\Unscientificlab.BehaviourTree.csproj", "{8BB7FBB8-0506-460E-A076-BF006F0723C6}"
EndProject
Project("{FAE04EC0-301F-11D3-BF4B-00C04F79EFBC}") = "Unscientificlab.Logging", "Unscientificlab.Logging\Unscientificlab.Logging.csproj", "{1BDB76CF-DCB4-4448-B036-A1B35E28ACBF}"
EndProject
Project("{FAE04EC0-301F-11D3-BF4B-00C04F79EFBC}") = "Unscientificlab.BehaviourTree.Tests", "Unscientificlab.BehaviourTree.Tests\Unscientificlab.BehaviourTree.Tests.csproj", "{83471E6D-6B89-4BBA-B51C-25A2C8F76ACC}"
EndProject
Global
	GlobalSection(SolutionConfigurationPlatforms) = preSolution
		Debug|Any CPU = Debug|Any CPU
		Release|Any CPU = Release|Any CPU
	EndGlobalSection
	GlobalSection(ProjectConfigurationPlatforms) = postSolution
		{E1CD49D0-5286-4706-A92C-C915C64ECD46}.Debug|Any CPU.ActiveCfg = Debug|Any CPU
		{E1CD49D0-5286-4706-A92C-C915C64ECD46}.Debug|Any CPU.Build.0 = Debug|Any CPU
		{E1CD49D0-5286-4706-A92C-C915C64ECD46}.Release|Any CPU.ActiveCfg = Release|Any CPU
		{E1CD49D0-5286-4706-A92C-C915C64ECD46}.Release|Any CPU.Build.0 = Release|Any CPU
		{E1CD49D0-5286-4706-A92C-C915C64ECD46}.Debug|Any CPU.Deploy.0 = Debug|Any CPU
		{E1CD49D0-5286-4706-A92C-C915C64ECD46}.Release|Any CPU.Deploy.0 = Release|Any CPU
		{1ACDE521-D1AF-4AF6-9EAA-C6AC4E1EBF3E}.Debug|Any CPU.ActiveCfg = Debug|Any CPU
		{1ACDE521-D1AF-4AF6-9EAA-C6AC4E1EBF3E}.Debug|Any CPU.Build.0 = Debug|Any CPU
		{1ACDE521-D1AF-4AF6-9EAA-C6AC4E1EBF3E}.Release|Any CPU.ActiveCfg = Release|Any CPU
		{1ACDE521-D1AF-4AF6-9EAA-C6AC4E1EBF3E}.Release|Any CPU.Build.0 = Release|Any CPU
		{A3FE74BD-FE34-4044-BA6E-17DF27DDE780}.Debug|Any CPU.ActiveCfg = Debug|Any CPU
		{A3FE74BD-FE34-4044-BA6E-17DF27DDE780}.Debug|Any CPU.Build.0 = Debug|Any CPU
		{A3FE74BD-FE34-4044-BA6E-17DF27DDE780}.Release|Any CPU.ActiveCfg = Release|Any CPU
		{A3FE74BD-FE34-4044-BA6E-17DF27DDE780}.Release|Any CPU.Build.0 = Release|Any CPU
		{A3FE74BD-FE34-4044-BA6E-17DF27DDE780}.Debug|Any CPU.Deploy.0 = Debug|Any CPU
		{A3FE74BD-FE34-4044-BA6E-17DF27DDE780}.Release|Any CPU.Deploy.0 = Release|Any CPU
		{65F332DF-36E8-426F-AE00-E8B22EED997A}.Debug|Any CPU.ActiveCfg = Debug|Any CPU
		{65F332DF-36E8-426F-AE00-E8B22EED997A}.Debug|Any CPU.Build.0 = Debug|Any CPU
		{65F332DF-36E8-426F-AE00-E8B22EED997A}.Release|Any CPU.ActiveCfg = Release|Any CPU
		{65F332DF-36E8-426F-AE00-E8B22EED997A}.Release|Any CPU.Build.0 = Release|Any CPU
		{8BB7FBB8-0506-460E-A076-BF006F0723C6}.Debug|Any CPU.ActiveCfg = Debug|Any CPU
		{8BB7FBB8-0506-460E-A076-BF006F0723C6}.Debug|Any CPU.Build.0 = Debug|Any CPU
		{8BB7FBB8-0506-460E-A076-BF006F0723C6}.Release|Any CPU.ActiveCfg = Release|Any CPU
		{8BB7FBB8-0506-460E-A076-BF006F0723C6}.Release|Any CPU.Build.0 = Release|Any CPU
		{1BDB76CF-DCB4-4448-B036-A1B35E28ACBF}.Debug|Any CPU.ActiveCfg = Debug|Any CPU
		{1BDB76CF-DCB4-4448-B036-A1B35E28ACBF}.Debug|Any CPU.Build.0 = Debug|Any CPU
		{1BDB76CF-DCB4-4448-B036-A1B35E28ACBF}.Release|Any CPU.ActiveCfg = Release|Any CPU
		{1BDB76CF-DCB4-4448-B036-A1B35E28ACBF}.Release|Any CPU.Build.0 = Release|Any CPU
		{83471E6D-6B89-4BBA-B51C-25A2C8F76ACC}.Debug|Any CPU.ActiveCfg = Debug|Any CPU
		{83471E6D-6B89-4BBA-B51C-25A2C8F76ACC}.Debug|Any CPU.Build.0 = Debug|Any CPU
		{83471E6D-6B89-4BBA-B51C-25A2C8F76ACC}.Release|Any CPU.ActiveCfg = Release|Any CPU
		{83471E6D-6B89-4BBA-B51C-25A2C8F76ACC}.Release|Any CPU.Build.0 = Release|Any CPU
	EndGlobalSection
EndGlobal
